
Microsoft Visual Studio Solution File, Format Version 12.00
# Visual Studio Version 17
VisualStudioVersion = 17.14.36301.6
MinimumVisualStudioVersion = 10.0.40219.1
Project("{54A90642-561A-4BB1-A94E-469ADEE60C69}") = "frontend", "frontend\frontend.esproj", "{462EE049-9FE1-B47D-1B3E-22BACA5D9185}"
	ProjectSection(ProjectDependencies) = postProject
		{28467D11-EA47-6A05-AA27-145AE108EBEE} = {28467D11-EA47-6A05-AA27-145AE108EBEE}
	EndProjectSection
EndProject
Project("{54A90642-561A-4BB1-A94E-469ADEE60C69}") = "backend", "backend\backend.esproj", "{28467D11-EA47-6A05-AA27-145AE108EBEE}"
EndProject
Project("{2150E333-8FDC-42A3-9474-1A3956D46DE8}") = "Elementos de la solución", "Elementos de la solución", "{D107F4C8-89CC-BEA8-D3D7-CA6B7733353D}"
	ProjectSection(SolutionItems) = preProject
		backend\.env = backend\.env
		.gitignore = .gitignore
		package-lock.json = package-lock.json
		package.json = package.json
	EndProjectSection
EndProject
Global
	GlobalSection(SolutionConfigurationPlatforms) = preSolution
		Debug|Any CPU = Debug|Any CPU
		Release|Any CPU = Release|Any CPU
	EndGlobalSection
	GlobalSection(ProjectConfigurationPlatforms) = postSolution
		{462EE049-9FE1-B47D-1B3E-22BACA5D9185}.Debug|Any CPU.ActiveCfg = Debug|Any CPU
		{462EE049-9FE1-B47D-1B3E-22BACA5D9185}.Debug|Any CPU.Build.0 = Debug|Any CPU
		{462EE049-9FE1-B47D-1B3E-22BACA5D9185}.Debug|Any CPU.Deploy.0 = Debug|Any CPU
		{462EE049-9FE1-B47D-1B3E-22BACA5D9185}.Release|Any CPU.ActiveCfg = Release|Any CPU
		{462EE049-9FE1-B47D-1B3E-22BACA5D9185}.Release|Any CPU.Build.0 = Release|Any CPU
		{462EE049-9FE1-B47D-1B3E-22BACA5D9185}.Release|Any CPU.Deploy.0 = Release|Any CPU
		{28467D11-EA47-6A05-AA27-145AE108EBEE}.Debug|Any CPU.ActiveCfg = Debug|Any CPU
		{28467D11-EA47-6A05-AA27-145AE108EBEE}.Debug|Any CPU.Build.0 = Debug|Any CPU
		{28467D11-EA47-6A05-AA27-145AE108EBEE}.Debug|Any CPU.Deploy.0 = Debug|Any CPU
		{28467D11-EA47-6A05-AA27-145AE108EBEE}.Release|Any CPU.ActiveCfg = Release|Any CPU
		{28467D11-EA47-6A05-AA27-145AE108EBEE}.Release|Any CPU.Build.0 = Release|Any CPU
		{28467D11-EA47-6A05-AA27-145AE108EBEE}.Release|Any CPU.Deploy.0 = Release|Any CPU
	EndGlobalSection
	GlobalSection(SolutionProperties) = preSolution
		HideSolutionNode = FALSE
	EndGlobalSection
	GlobalSection(ExtensibilityGlobals) = postSolution
		SolutionGuid = {24D34A67-F9E5-4B10-A9B7-222BC4AB879B}
	EndGlobalSection
EndGlobal
